
Microsoft Visual Studio Solution File, Format Version 12.00
# Visual Studio 15
VisualStudioVersion = 15.0.27703.2026
MinimumVisualStudioVersion = 10.0.40219.1
Project("{FAE04EC0-301F-11D3-BF4B-00C04F79EFBC}") = "Fila.API", "Fila\Fila.API.csproj", "{4F44C5FD-65B5-40C8-8FF6-EA248D64C4BE}"
EndProject
Project("{FAE04EC0-301F-11D3-BF4B-00C04F79EFBC}") = "Fila.Infrastructure", "Fila.Infrastructure\Fila.Infrastructure.csproj", "{C8F70738-1B9B-4BC6-A90F-FCFD3E56E8A4}"
EndProject
Project("{FAE04EC0-301F-11D3-BF4B-00C04F79EFBC}") = "Fila.IoC", "Fila.IoC\Fila.IoC.csproj", "{4B3C167E-9311-4D22-A508-BA2363092D1F}"
EndProject
Project("{FAE04EC0-301F-11D3-BF4B-00C04F79EFBC}") = "Fila.Application", "Fila.Application\Fila.Application.csproj", "{66234875-F329-4CA5-B753-9858838A2338}"
EndProject
Project("{FAE04EC0-301F-11D3-BF4B-00C04F79EFBC}") = "Fila.Common", "Fila.Common\Fila.Common.csproj", "{23FD8114-E13A-4B73-849A-0A038A584F6B}"
EndProject
Project("{FAE04EC0-301F-11D3-BF4B-00C04F79EFBC}") = "Fila.Domain", "Fila.Domain\Fila.Domain.csproj", "{8B9AD935-3643-4496-BB2F-CDDA310D11B5}"
EndProject
Global
	GlobalSection(SolutionConfigurationPlatforms) = preSolution
		Debug|Any CPU = Debug|Any CPU
		Release|Any CPU = Release|Any CPU
	EndGlobalSection
	GlobalSection(ProjectConfigurationPlatforms) = postSolution
		{4F44C5FD-65B5-40C8-8FF6-EA248D64C4BE}.Debug|Any CPU.ActiveCfg = Debug|Any CPU
		{4F44C5FD-65B5-40C8-8FF6-EA248D64C4BE}.Debug|Any CPU.Build.0 = Debug|Any CPU
		{4F44C5FD-65B5-40C8-8FF6-EA248D64C4BE}.Release|Any CPU.ActiveCfg = Release|Any CPU
		{4F44C5FD-65B5-40C8-8FF6-EA248D64C4BE}.Release|Any CPU.Build.0 = Release|Any CPU
		{C8F70738-1B9B-4BC6-A90F-FCFD3E56E8A4}.Debug|Any CPU.ActiveCfg = Debug|Any CPU
		{C8F70738-1B9B-4BC6-A90F-FCFD3E56E8A4}.Debug|Any CPU.Build.0 = Debug|Any CPU
		{C8F70738-1B9B-4BC6-A90F-FCFD3E56E8A4}.Release|Any CPU.ActiveCfg = Release|Any CPU
		{C8F70738-1B9B-4BC6-A90F-FCFD3E56E8A4}.Release|Any CPU.Build.0 = Release|Any CPU
		{4B3C167E-9311-4D22-A508-BA2363092D1F}.Debug|Any CPU.ActiveCfg = Debug|Any CPU
		{4B3C167E-9311-4D22-A508-BA2363092D1F}.Debug|Any CPU.Build.0 = Debug|Any CPU
		{4B3C167E-9311-4D22-A508-BA2363092D1F}.Release|Any CPU.ActiveCfg = Release|Any CPU
		{4B3C167E-9311-4D22-A508-BA2363092D1F}.Release|Any CPU.Build.0 = Release|Any CPU
		{66234875-F329-4CA5-B753-9858838A2338}.Debug|Any CPU.ActiveCfg = Debug|Any CPU
		{66234875-F329-4CA5-B753-9858838A2338}.Debug|Any CPU.Build.0 = Debug|Any CPU
		{66234875-F329-4CA5-B753-9858838A2338}.Release|Any CPU.ActiveCfg = Release|Any CPU
		{66234875-F329-4CA5-B753-9858838A2338}.Release|Any CPU.Build.0 = Release|Any CPU
		{23FD8114-E13A-4B73-849A-0A038A584F6B}.Debug|Any CPU.ActiveCfg = Debug|Any CPU
		{23FD8114-E13A-4B73-849A-0A038A584F6B}.Debug|Any CPU.Build.0 = Debug|Any CPU
		{23FD8114-E13A-4B73-849A-0A038A584F6B}.Release|Any CPU.ActiveCfg = Release|Any CPU
		{23FD8114-E13A-4B73-849A-0A038A584F6B}.Release|Any CPU.Build.0 = Release|Any CPU
		{8B9AD935-3643-4496-BB2F-CDDA310D11B5}.Debug|Any CPU.ActiveCfg = Debug|Any CPU
		{8B9AD935-3643-4496-BB2F-CDDA310D11B5}.Debug|Any CPU.Build.0 = Debug|Any CPU
		{8B9AD935-3643-4496-BB2F-CDDA310D11B5}.Release|Any CPU.ActiveCfg = Release|Any CPU
		{8B9AD935-3643-4496-BB2F-CDDA310D11B5}.Release|Any CPU.Build.0 = Release|Any CPU
	EndGlobalSection
	GlobalSection(SolutionProperties) = preSolution
		HideSolutionNode = FALSE
	EndGlobalSection
	GlobalSection(ExtensibilityGlobals) = postSolution
		SolutionGuid = {A39E3C5A-2BEF-4D00-92AF-86C4D2C9C80E}
	EndGlobalSection
EndGlobal
